
Microsoft Visual Studio Solution File, Format Version 12.00
# Visual Studio 15
VisualStudioVersion = 15.0.26730.10
MinimumVisualStudioVersion = 10.0.40219.1
Project("{FAE04EC0-301F-11D3-BF4B-00C04F79EFBC}") = "DB_CourseProject", "DB_CourseProject\DB_CourseProject.csproj", "{E1655AB6-638C-4478-82A4-7FEFEA27AABC}"
EndProject
Global
	GlobalSection(SolutionConfigurationPlatforms) = preSolution
		Debug|Any CPU = Debug|Any CPU
		Release|Any CPU = Release|Any CPU
	EndGlobalSection
	GlobalSection(ProjectConfigurationPlatforms) = postSolution
		{E1655AB6-638C-4478-82A4-7FEFEA27AABC}.Debug|Any CPU.ActiveCfg = Debug|Any CPU
		{E1655AB6-638C-4478-82A4-7FEFEA27AABC}.Debug|Any CPU.Build.0 = Debug|Any CPU
		{E1655AB6-638C-4478-82A4-7FEFEA27AABC}.Release|Any CPU.ActiveCfg = Release|Any CPU
		{E1655AB6-638C-4478-82A4-7FEFEA27AABC}.Release|Any CPU.Build.0 = Release|Any CPU
	EndGlobalSection
	GlobalSection(SolutionProperties) = preSolution
		HideSolutionNode = FALSE
	EndGlobalSection
	GlobalSection(ExtensibilityGlobals) = postSolution
		SolutionGuid = {3229AEFC-4C7E-4502-A81F-6ED0DE1EFA75}
	EndGlobalSection
EndGlobal
